Microsoft Visual Studio Solution File, Format Version 12.00
# Visual Studio Version 17
VisualStudioVersion = 17.5.2.0
MinimumVisualStudioVersion = 10.0.40219.1
Project("{2150E333-8FDC-42A3-9474-1A3956D46DE8}") = "backend", "backend", "{1AE8ACA6-933B-BF2A-3671-3E2EAC007D16}"
EndProject
Project("{FAE04EC0-301F-11D3-BF4B-00C04F79EFBC}") = "DiDuDuaDi.API", "backend\DiDuDuaDi.API\DiDuDuaDi.API.csproj", "{E8121DF8-4AC5-661C-ACA2-E29E4E717459}"
EndProject
Global
	GlobalSection(SolutionConfigurationPlatforms) = preSolution
		Debug|Any CPU = Debug|Any CPU
		Release|Any CPU = Release|Any CPU
	EndGlobalSection
	GlobalSection(ProjectConfigurationPlatforms) = postSolution
		{E8121DF8-4AC5-661C-ACA2-E29E4E717459}.Debug|Any CPU.ActiveCfg = Debug|Any CPU
		{E8121DF8-4AC5-661C-ACA2-E29E4E717459}.Debug|Any CPU.Build.0 = Debug|Any CPU
		{E8121DF8-4AC5-661C-ACA2-E29E4E717459}.Release|Any CPU.ActiveCfg = Release|Any CPU
		{E8121DF8-4AC5-661C-ACA2-E29E4E717459}.Release|Any CPU.Build.0 = Release|Any CPU
	EndGlobalSection
	GlobalSection(SolutionProperties) = preSolution
		HideSolutionNode = FALSE
	EndGlobalSection
	GlobalSection(NestedProjects) = preSolution
		{E8121DF8-4AC5-661C-ACA2-E29E4E717459} = {1AE8ACA6-933B-BF2A-3671-3E2EAC007D16}
	EndGlobalSection
	GlobalSection(ExtensibilityGlobals) = postSolution
		SolutionGuid = {65DE9751-4C0F-4FE9-B570-5876B3330E08}
	EndGlobalSection
EndGlobal
